
Microsoft Visual Studio Solution File, Format Version 12.00
# Visual Studio Version 16
VisualStudioVersion = 16.0.28803.452
MinimumVisualStudioVersion = 10.0.40219.1
Project("{9A19103F-16F7-4668-BE54-9A1E7A4F7556}") = "SNS", "SNS\SNS.csproj", "{F3E0D9DD-2EEC-4EE3-BE36-E74B7BCCE2FC}"
EndProject
Project("{9A19103F-16F7-4668-BE54-9A1E7A4F7556}") = "Domain", "Domain\Domain.csproj", "{91847E00-1B86-4FB0-BD58-00F00E815BAE}"
EndProject
Project("{FAE04EC0-301F-11D3-BF4B-00C04F79EFBC}") = "Business", "Business\Business.csproj", "{AE6AEFE9-1C38-4E24-9BBD-BD96DA3C3E2E}"
EndProject
Global
	GlobalSection(SolutionConfigurationPlatforms) = preSolution
		Debug|Any CPU = Debug|Any CPU
		Release|Any CPU = Release|Any CPU
	EndGlobalSection
	GlobalSection(ProjectConfigurationPlatforms) = postSolution
		{F3E0D9DD-2EEC-4EE3-BE36-E74B7BCCE2FC}.Debug|Any CPU.ActiveCfg = Debug|Any CPU
		{F3E0D9DD-2EEC-4EE3-BE36-E74B7BCCE2FC}.Debug|Any CPU.Build.0 = Debug|Any CPU
		{F3E0D9DD-2EEC-4EE3-BE36-E74B7BCCE2FC}.Release|Any CPU.ActiveCfg = Release|Any CPU
		{F3E0D9DD-2EEC-4EE3-BE36-E74B7BCCE2FC}.Release|Any CPU.Build.0 = Release|Any CPU
		{91847E00-1B86-4FB0-BD58-00F00E815BAE}.Debug|Any CPU.ActiveCfg = Debug|Any CPU
		{91847E00-1B86-4FB0-BD58-00F00E815BAE}.Debug|Any CPU.Build.0 = Debug|Any CPU
		{91847E00-1B86-4FB0-BD58-00F00E815BAE}.Release|Any CPU.ActiveCfg = Release|Any CPU
		{91847E00-1B86-4FB0-BD58-00F00E815BAE}.Release|Any CPU.Build.0 = Release|Any CPU
		{AE6AEFE9-1C38-4E24-9BBD-BD96DA3C3E2E}.Debug|Any CPU.ActiveCfg = Debug|Any CPU
		{AE6AEFE9-1C38-4E24-9BBD-BD96DA3C3E2E}.Debug|Any CPU.Build.0 = Debug|Any CPU
		{AE6AEFE9-1C38-4E24-9BBD-BD96DA3C3E2E}.Release|Any CPU.ActiveCfg = Release|Any CPU
		{AE6AEFE9-1C38-4E24-9BBD-BD96DA3C3E2E}.Release|Any CPU.Build.0 = Release|Any CPU
	EndGlobalSection
	GlobalSection(SolutionProperties) = preSolution
		HideSolutionNode = FALSE
	EndGlobalSection
	GlobalSection(ExtensibilityGlobals) = postSolution
		SolutionGuid = {D0EC4FE4-690D-4742-B559-CBCE794E0AB1}
	EndGlobalSection
EndGlobal
